// !$*UTF8*$!
{
	archiveVersion = 1;
	classes = {
	};
	objectVersion = 48;
	objects = {

/* Begin PBXBuildFile section */
		C2253BAC20542C4600C174AE /* AppDelegate.swift in Sources */ = {isa = PBXBuildFile; fileRef = C2253BAB20542C4600C174AE /* AppDelegate.swift */; };
		C2253BAE20542C4600C174AE /* ViewController.swift in Sources */ = {isa = PBXBuildFile; fileRef = C2253BAD20542C4600C174AE /* ViewController.swift */; };
		C2253BB120542C4600C174AE /* Main.storyboard in Resources */ = {isa = PBXBuildFile; fileRef = C2253BAF20542C4600C174AE /* Main.storyboard */; };
		C2253BB420542C4600C174AE /* Nationella_Prov.xcdatamodeld in Sources */ = {isa = PBXBuildFile; fileRef = C2253BB220542C4600C174AE /* Nationella_Prov.xcdatamodeld */; };
		C2253BB620542C4600C174AE /* Assets.xcassets in Resources */ = {isa = PBXBuildFile; fileRef = C2253BB520542C4600C174AE /* Assets.xcassets */; };
		C2253BB920542C4600C174AE /* LaunchScreen.storyboard in Resources */ = {isa = PBXBuildFile; fileRef = C2253BB720542C4600C174AE /* LaunchScreen.storyboard */; };
		C2783F362054C32500C5B9F6 /* Bolonewt_Win-TT in Resources */ = {isa = PBXBuildFile; fileRef = C2783F352054C32500C5B9F6 /* Bolonewt_Win-TT */; };
/* End PBXBuildFile section */

/* Begin PBXFileReference section */
		C2253BA820542C4600C174AE /* Nationella Proven.app */ = {isa = PBXFileReference; explicitFileType = wrapper.application; includeInIndex = 0; path = "Nationella Proven.app"; sourceTree = BUILT_PRODUCTS_DIR; };
		C2253BAB20542C4600C174AE /* AppDelegate.swift */ = {isa = PBXFileReference; lastKnownFileType = sourcecode.swift; path = AppDelegate.swift; sourceTree = "<group>"; };
		C2253BAD20542C4600C174AE /* ViewController.swift */ = {isa = PBXFileReference; lastKnownFileType = sourcecode.swift; path = ViewController.swift; sourceTree = "<group>"; };
		C2253BB020542C4600C174AE /* Base */ = {isa = PBXFileReference; lastKnownFileType = file.storyboard; name = Base; path = Base.lproj/Main.storyboard; sourceTree = "<group>"; };
		C2253BB320542C4600C174AE /* Nationella_Prov.xcdatamodel */ = {isa = PBXFileReference; lastKnownFileType = wrapper.xcdatamodel; path = Nationella_Prov.xcdatamodel; sourceTree = "<group>"; };
		C2253BB520542C4600C174AE /* Assets.xcassets */ = {isa = PBXFileReference; lastKnownFileType = folder.assetcatalog; path = Assets.xcassets; sourceTree = "<group>"; };
		C2253BB820542C4600C174AE /* Base */ = {isa = PBXFileReference; lastKnownFileType = file.storyboard; name = Base; path = Base.lproj/LaunchScreen.storyboard; sourceTree = "<group>"; };
		C2253BBA20542C4600C174AE /* Info.plist */ = {isa = PBXFileReference; lastKnownFileType = text.plist.xml; path = Info.plist; sourceTree = "<group>"; };
		C2783F352054C32500C5B9F6 /* Bolonewt_Win-TT */ = {isa = PBXFileReference; lastKnownFileType = folder; path = "Bolonewt_Win-TT"; sourceTree = "<group>"; };
/* End PBXFileReference section */

/* Begin PBXFrameworksBuildPhase section */
		C2253BA520542C4600C174AE /* Frameworks */ = {
			isa = PBXFrameworksBuildPhase;
			buildActionMask = 2147483647;
			files = (
			);
			runOnlyForDeploymentPostprocessing = 0;
		};
/* End PBXFrameworksBuildPhase section */

/* Begin PBXGroup section */
		C2253B9F20542C4500C174AE = {
			isa = PBXGroup;
			children = (
				C2253BAA20542C4600C174AE /* Nationella Prov */,
				C2253BA920542C4600C174AE /* Products */,
			);
			sourceTree = "<group>";
		};
		C2253BA920542C4600C174AE /* Products */ = {
			isa = PBXGroup;
			children = (
				C2253BA820542C4600C174AE /* Nationella Proven.app */,
			);
			name = Products;
			sourceTree = "<group>";
		};
		C2253BAA20542C4600C174AE /* Nationella Prov */ = {
			isa = PBXGroup;
			children = (
				C2783F352054C32500C5B9F6 /* Bolonewt_Win-TT */,
				C2253BAB20542C4600C174AE /* AppDelegate.swift */,
				C2253BAD20542C4600C174AE /* ViewController.swift */,
				C2253BAF20542C4600C174AE /* Main.storyboard */,
				C2253BB520542C4600C174AE /* Assets.xcassets */,
				C2253BB720542C4600C174AE /* LaunchScreen.storyboard */,
				C2253BBA20542C4600C174AE /* Info.plist */,
				C2253BB220542C4600C174AE /* Nationella_Prov.xcdatamodeld */,
			);
			path = "Nationella Prov";
			sourceTree = "<group>";
		};
/* End PBXGroup section */

/* Begin PBXNativeTarget section */
		C2253BA720542C4600C174AE /* Nationella Proven */ = {
			isa = PBXNativeTarget;
			buildConfigurationList = C2253BBD20542C4600C174AE /* Build configuration list for PBXNativeTarget "Nationella Proven" */;
			buildPhases = (
				C2253BA420542C4600C174AE /* Sources */,
				C2253BA520542C4600C174AE /* Frameworks */,
				C2253BA620542C4600C174AE /* Resources */,
			);
			buildRules = (
			);
			dependencies = (
			);
			name = "Nationella Proven";
			productName = "Nationella Prov";
			productReference = C2253BA820542C4600C174AE /* Nationella Proven.app */;
			productType = "com.apple.product-type.application";
		};
/* End PBXNativeTarget section */

/* Begin PBXProject section */
		C2253BA020542C4500C174AE /* Project object */ = {
			isa = PBXProject;
			attributes = {
				LastSwiftUpdateCheck = 0920;
				LastUpgradeCheck = 0920;
				ORGANIZATIONNAME = "Arman Dadmand";
				TargetAttributes = {
					C2253BA720542C4600C174AE = {
						CreatedOnToolsVersion = 9.2;
						ProvisioningStyle = Automatic;
					};
				};
			};
			buildConfigurationList = C2253BA320542C4500C174AE /* Build configuration list for PBXProject "Nationella Proven" */;
			compatibilityVersion = "Xcode 8.0";
			developmentRegion = en;
			hasScannedForEncodings = 0;
			knownRegions = (
				en,
				Base,
			);
			mainGroup = C2253B9F20542C4500C174AE;
			productRefGroup = C2253BA920542C4600C174AE /* Products */;
			projectDirPath = "";
			projectRoot = "";
			targets = (
				C2253BA720542C4600C174AE /* Nationella Proven */,
			);
		};
/* End PBXProject section */

/* Begin PBXResourcesBuildPhase section */
		C2253BA620542C4600C174AE /* Resources */ = {
			isa = PBXResourcesBuildPhase;
			buildActionMask = 2147483647;
			files = (
				C2253BB920542C4600C174AE /* LaunchScreen.storyboard in Resources */,
				C2253BB620542C4600C174AE /* Assets.xcassets in Resources */,
				C2253BB120542C4600C174AE /* Main.storyboard in Resources */,
				C2783F362054C32500C5B9F6 /* Bolonewt_Win-TT in Resources */,
			);
			runOnlyForDeploymentPostprocessing = 0;
		};
/* End PBXResourcesBuildPhase section */

/* Begin PBXSourcesBuildPhase section */
		C2253BA420542C4600C174AE /* Sources */ = {
			isa = PBXSourcesBuildPhase;
			buildActionMask = 2147483647;
			files = (
				C2253BAE20542C4600C174AE /* ViewController.swift in Sources */,
				C2253BB420542C4600C174AE /* Nationella_Prov.xcdatamodeld in Sources */,
				C2253BAC20542C4600C174AE /* AppDelegate.swift in Sources */,
			);
			runOnlyForDeploymentPostprocessing = 0;
		};
/* End PBXSourcesBuildPhase section */

/* Begin PBXVariantGroup section */
		C2253BAF20542C4600C174AE /* Main.storyboard */ = {
			isa = PBXVariantGroup;
			children = (
				C2253BB020542C4600C174AE /* Base */,
			);
			name = Main.storyboard;
			sourceTree = "<group>";
		};
		C2253BB720542C4600C174AE /* LaunchScreen.storyboard */ = {
			isa = PBXVariantGroup;
			children = (
				C2253BB820542C4600C174AE /* Base */,
			);
			name = LaunchScreen.storyboard;
			sourceTree = "<group>";
		};
/* End PBXVariantGroup section */

/* Begin XCBuildConfiguration section */
		C2253BBB20542C4600C174AE /* Debug */ = {
			isa = XCBuildConfiguration;
			buildSettings = {
				ALWAYS_SEARCH_USER_PATHS = NO;
				CLANG_ANALYZER_NONNULL = YES;
				CLANG_ANALYZER_NUMBER_OBJECT_CONVERSION = YES_AGGRESSIVE;
				CLANG_CXX_LANGUAGE_STANDARD = "gnu++14";
				CLANG_CXX_LIBRARY = "libc++";
				CLANG_ENABLE_MODULES = YES;
				CLANG_ENABLE_OBJC_ARC = YES;
				CLANG_WARN_BLOCK_CAPTURE_AUTORELEASING = YES;
				CLANG_WARN_BOOL_CONVERSION = YES;
				CLANG_WARN_COMMA = YES;
				CLANG_WARN_CONSTANT_CONVERSION = YES;
				CLANG_WARN_DIRECT_OBJC_ISA_USAGE = YES_ERROR;
				CLANG_WARN_DOCUMENTATION_COMMENTS = YES;
				CLANG_WARN_EMPTY_BODY = YES;
				CLANG_WARN_ENUM_CONVERSION = YES;
				CLANG_WARN_INFINITE_RECURSION = YES;
				CLANG_WARN_INT_CONVERSION = YES;
				CLANG_WARN_NON_LITERAL_NULL_CONVERSION = YES;
				CLANG_WARN_OBJC_LITERAL_CONVERSION = YES;
				CLANG_WARN_OBJC_ROOT_CLASS = YES_ERROR;
				CLANG_WARN_RANGE_LOOP_ANALYSIS = YES;
				CLANG_WARN_STRICT_PROTOTYPES = YES;
				CLANG_WARN_SUSPICIOUS_MOVE = YES;
				CLANG_WARN_UNGUARDED_AVAILABILITY = YES_AGGRESSIVE;
				CLANG_WARN_UNREACHABLE_CODE = YES;
				CLANG_WARN__DUPLICATE_METHOD_MATCH = YES;
				CODE_SIGN_IDENTITY = "iPhone Developer";
				COPY_PHASE_STRIP = NO;
				DEBUG_INFORMATION_FORMAT = dwarf;
				ENABLE_STRICT_OBJC_MSGSEND = YES;
				ENABLE_TESTABILITY = YES;
				GCC_C_LANGUAGE_STANDARD = gnu11;
				GCC_DYNAMIC_NO_PIC = NO;
				GCC_NO_COMMON_BLOCKS = YES;
				GCC_OPTIMIZATION_LEVEL = 0;
				GCC_PREPROCESSOR_DEFINITIONS = (
					"DEBUG=1",
					"$(inherited)",
				);
				GCC_WARN_64_TO_32_BIT_CONVERSION = YES;
				GCC_WARN_ABOUT_RETURN_TYPE = YES_ERROR;
				GCC_WARN_UNDECLARED_SELECTOR = YES;
				GCC_WARN_UNINITIALIZED_AUTOS = YES_AGGRESSIVE;
				GCC_WARN_UNUSED_FUNCTION = YES;
				GCC_WARN_UNUSED_VARIABLE = YES;
				IPHONEOS_DEPLOYMENT_TARGET = 11.2;
				MTL_ENABLE_DEBUG_INFO = YES;
				ONLY_ACTIVE_ARCH = YES;
				SDKROOT = iphoneos;
				SWIFT_ACTIVE_COMPILATION_CONDITIONS = DEBUG;
				SWIFT_OPTIMIZATION_LEVEL = "-Onone";
			};
			name = Debug;
		};
		C2253BBC20542C4600C174AE /* Release */ = {
			isa = XCBuildConfiguration;
			buildSettings = {
				ALWAYS_SEARCH_USER_PATHS = NO;
				CLANG_ANALYZER_NONNULL = YES;
				CLANG_ANALYZER_NUMBER_OBJECT_CONVERSION = YES_AGGRESSIVE;
				CLANG_CXX_LANGUAGE_STANDARD = "gnu++14";
				CLANG_CXX_LIBRARY = "libc++";
				CLANG_ENABLE_MODULES = YES;
				CLANG_ENABLE_OBJC_ARC = YES;
				CLANG_WARN_BLOCK_CAPTURE_AUTORELEASING = YES;
				CLANG_WARN_BOOL_CONVERSION = YES;
				CLANG_WARN_COMMA = YES;
				CLANG_WARN_CONSTANT_CONVERSION = YES;
				CLANG_WARN_DIRECT_OBJC_ISA_USAGE = YES_ERROR;
				CLANG_WARN_DOCUMENTATION_COMMENTS = YES;
				CLANG_WARN_EMPTY_BODY = YES;
				CLANG_WARN_ENUM_CONVERSION = YES;
				CLANG_WARN_INFINITE_RECURSION = YES;
				CLANG_WARN_INT_CONVERSION = YES;
				CLANG_WARN_NON_LITERAL_NULL_CONVERSION = YES;
				CLANG_WARN_OBJC_LITERAL_CONVERSION = YES;
				CLANG_WARN_OBJC_ROOT_CLASS = YES_ERROR;
				CLANG_WARN_RANGE_LOOP_ANALYSIS = YES;
				CLANG_WARN_STRICT_PROTOTYPES = YES;
				CLANG_WARN_SUSPICIOUS_MOVE = YES;
				CLANG_WARN_UNGUARDED_AVAILABILITY = YES_AGGRESSIVE;
				CLANG_WARN_UNREACHABLE_CODE = YES;
				CLANG_WARN__DUPLICATE_METHOD_MATCH = YES;
				CODE_SIGN_IDENTITY = "iPhone Developer";
				COPY_PHASE_STRIP = NO;
				DEBUG_INFORMATION_FORMAT = "dwarf-with-dsym";
				ENABLE_NS_ASSERTIONS = NO;
				ENABLE_STRICT_OBJC_MSGSEND = YES;
				GCC_C_LANGUAGE_STANDARD = gnu11;
				GCC_NO_COMMON_BLOCKS = YES;
				GCC_WARN_64_TO_32_BIT_CONVERSION = YES;
				GCC_WARN_ABOUT_RETURN_TYPE = YES_ERROR;
				GCC_WARN_UNDECLARED_SELECTOR = YES;
				GCC_WARN_UNINITIALIZED_AUTOS = YES_AGGRESSIVE;
				GCC_WARN_UNUSED_FUNCTION = YES;
				GCC_WARN_UNUSED_VARIABLE = YES;
				IPHONEOS_DEPLOYMENT_TARGET = 11.2;
				MTL_ENABLE_DEBUG_INFO = NO;
				SDKROOT = iphoneos;
				SWIFT_OPTIMIZATION_LEVEL = "-Owholemodule";
				VALIDATE_PRODUCT = YES;
			};
			name = Release;
		};
		C2253BBE20542C4600C174AE /* Debug */ = {
			isa = XCBuildConfiguration;
			buildSettings = {
				ASSETCATALOG_COMPILER_APPICON_NAME = AppIcon;
				CODE_SIGN_STYLE = Automatic;
				DEVELOPMENT_TEAM = U9W4TKG576;
				INFOPLIST_FILE = "Nationella Prov/Info.plist";
				LD_RUNPATH_SEARCH_PATHS = "$(inherited) @executable_path/Frameworks";
				PRODUCT_BUNDLE_IDENTIFIER = "com.ArmanDadmand.Nationella-Prov";
				PRODUCT_NAME = "$(TARGET_NAME)";
				SWIFT_VERSION = 4.0;
				TARGETED_DEVICE_FAMILY = "1,2";
			};
			name = Debug;
		};
		C2253BBF20542C4600C174AE /* Release */ = {
			isa = XCBuildConfiguration;
			buildSettings = {
				ASSETCATALOG_COMPILER_APPICON_NAME = AppIcon;
				CODE_SIGN_STYLE = Automatic;
				DEVELOPMENT_TEAM = U9W4TKG576;
				INFOPLIST_FILE = "Nationella Prov/Info.plist";
				LD_RUNPATH_SEARCH_PATHS = "$(inherited) @executable_path/Frameworks";
				PRODUCT_BUNDLE_IDENTIFIER = "com.ArmanDadmand.Nationella-Prov";
				PRODUCT_NAME = "$(TARGET_NAME)";
				SWIFT_VERSION = 4.0;
				TARGETED_DEVICE_FAMILY = "1,2";
			};
			name = Release;
		};
/* End XCBuildConfiguration section */

/* Begin XCConfigurationList section */
		C2253BA320542C4500C174AE /* Build configuration list for PBXProject "Nationella Proven" */ = {
			isa = XCConfigurationList;
			buildConfigurations = (
				C2253BBB20542C4600C174AE /* Debug */,
				C2253BBC20542C4600C174AE /* Release */,
			);
			defaultConfigurationIsVisible = 0;
			defaultConfigurationName = Release;
		};
		C2253BBD20542C4600C174AE /* Build configuration list for PBXNativeTarget "Nationella Proven" */ = {
			isa = XCConfigurationList;
			buildConfigurations = (
				C2253BBE20542C4600C174AE /* Debug */,
				C2253BBF20542C4600C174AE /* Release */,
			);
			defaultConfigurationIsVisible = 0;
			defaultConfigurationName = Release;
		};
/* End XCConfigurationList section */

/* Begin XCVersionGroup section */
		C2253BB220542C4600C174AE /* Nationella_Prov.xcdatamodeld */ = {
			isa = XCVersionGroup;
			children = (
				C2253BB320542C4600C174AE /* Nationella_Prov.xcdatamodel */,
			);
			currentVersion = C2253BB320542C4600C174AE /* Nationella_Prov.xcdatamodel */;
			path = Nationella_Prov.xcdatamodeld;
			sourceTree = "<group>";
			versionGroupType = wrapper.xcdatamodel;
		};
/* End XCVersionGroup section */
	};
	rootObject = C2253BA020542C4500C174AE /* Project object */;
}
